
Microsoft Visual Studio Solution File, Format Version 12.00
# Visual Studio Version 17
VisualStudioVersion = 17.0.31903.59
MinimumVisualStudioVersion = 10.0.40219.1
Project("{2150E333-8FDC-42A3-9474-1A3956D46DE8}") = "ソリューション項目", "ソリューション項目", "{61CB45F7-7447-410E-934E-3B040F21D5B9}"
	ProjectSection(SolutionItems) = preProject
		README.ja.md = README.ja.md
		README.md = README.md
	EndProjectSection
EndProject
Project("{2150E333-8FDC-42A3-9474-1A3956D46DE8}") = "Common", "Common", "{F014D288-A64D-4F58-A6A0-4F2418CFAB30}"
EndProject
Project("{2150E333-8FDC-42A3-9474-1A3956D46DE8}") = "Servers", "Servers", "{60E2686B-730F-4C27-8EEA-CB276751A5F8}"
EndProject
Project("{2150E333-8FDC-42A3-9474-1A3956D46DE8}") = "Util", "Util", "{C6444F41-AB93-4F88-8508-F45CB147F08F}"
EndProject
Project("{FAE04EC0-301F-11D3-BF4B-00C04F79EFBC}") = "McpInsight", "McpInsight\McpInsight\McpInsight.csproj", "{DB5EF1CC-D9D2-4086-ACD3-FF3F174ABBCC}"
EndProject
Project("{FAE04EC0-301F-11D3-BF4B-00C04F79EFBC}") = "McpInsight.Desktop", "McpInsight\McpInsight.Desktop\McpInsight.Desktop.csproj", "{BC83DCBB-9467-49CA-AEB4-EC92B0B37745}"
EndProject
Project("{FAE04EC0-301F-11D3-BF4B-00C04F79EFBC}") = "CSharpMcpServer.Common", "Common\CSharpMcpServer.Common.csproj", "{1255D580-05C4-4A54-95F7-3F8438122533}"
EndProject
Project("{FAE04EC0-301F-11D3-BF4B-00C04F79EFBC}") = "CreateMcpServer", "Servers\CreateMcpServer\CreateMcpServer.csproj", "{84453429-EB4D-40B3-BFAF-A0E308805DEE}"
EndProject
Project("{FAE04EC0-301F-11D3-BF4B-00C04F79EFBC}") = "FileSystem", "Servers\FileSystem\FileSystem.csproj", "{B7F1F268-CC92-4235-86B7-2D2529B49116}"
EndProject
Project("{FAE04EC0-301F-11D3-BF4B-00C04F79EFBC}") = "HardwareInfoRetriever", "Servers\HardwareInfoRetriever\HardwareInfoRetriever.csproj", "{34456E44-F420-46E9-897E-F85B17342251}"
EndProject
Project("{FAE04EC0-301F-11D3-BF4B-00C04F79EFBC}") = "MemoryBank", "Servers\MemoryBank\MemoryBank.csproj", "{964FF521-2647-42DA-A29A-5CD01F6304D1}"
EndProject
Project("{FAE04EC0-301F-11D3-BF4B-00C04F79EFBC}") = "NetworkInfo", "Servers\NetworkInfo\NetworkInfo.csproj", "{6D5753A6-C716-4835-BE76-9198FFCD194D}"
EndProject
Project("{FAE04EC0-301F-11D3-BF4B-00C04F79EFBC}") = "Rss", "Servers\Rss\Rss.csproj", "{E9659285-AEB0-420D-9F54-2C72A3EFB06C}"
EndProject
Project("{FAE04EC0-301F-11D3-BF4B-00C04F79EFBC}") = "Time", "Servers\Time\Time.csproj", "{5B3137B5-E440-4A01-8112-20F25272F8C6}"
EndProject
Project("{FAE04EC0-301F-11D3-BF4B-00C04F79EFBC}") = "VisualStudio", "Servers\VisualStudio\VisualStudio.csproj", "{3FCF5CCA-F205-4AE9-B3E9-A6F819182961}"
EndProject
Project("{FAE04EC0-301F-11D3-BF4B-00C04F79EFBC}") = "Web", "Servers\Web\Web.csproj", "{C606F0F0-8923-4D30-9C8C-63DFF65AC352}"
EndProject
Project("{FAE04EC0-301F-11D3-BF4B-00C04F79EFBC}") = "WebFetch", "Servers\WebFetch\WebFetch.csproj", "{BD7A9095-EE15-47DB-A2AE-30BF180991BC}"
EndProject
Project("{FAE04EC0-301F-11D3-BF4B-00C04F79EFBC}") = "PowerShell", "Servers\PowerShell\PowerShell.csproj", "{22951B53-DA52-4F8F-A242-B53F291AA88D}"
EndProject
Project("{FAE04EC0-301F-11D3-BF4B-00C04F79EFBC}") = "DotnetBuild", "Servers\DotnetBuild\DotnetBuild.csproj", "{9316F2A2-3E0A-D78F-17F8-9B8E5A507904}"
EndProject
Global
	GlobalSection(SolutionConfigurationPlatforms) = preSolution
		Debug|Any CPU = Debug|Any CPU
		Debug|x64 = Debug|x64
		Debug|x86 = Debug|x86
		Release|Any CPU = Release|Any CPU
		Release|x64 = Release|x64
		Release|x86 = Release|x86
	EndGlobalSection
	GlobalSection(ProjectConfigurationPlatforms) = postSolution
		{DB5EF1CC-D9D2-4086-ACD3-FF3F174ABBCC}.Debug|Any CPU.ActiveCfg = Debug|Any CPU
		{DB5EF1CC-D9D2-4086-ACD3-FF3F174ABBCC}.Debug|Any CPU.Build.0 = Debug|Any CPU
		{DB5EF1CC-D9D2-4086-ACD3-FF3F174ABBCC}.Debug|x64.ActiveCfg = Debug|Any CPU
		{DB5EF1CC-D9D2-4086-ACD3-FF3F174ABBCC}.Debug|x64.Build.0 = Debug|Any CPU
		{DB5EF1CC-D9D2-4086-ACD3-FF3F174ABBCC}.Debug|x86.ActiveCfg = Debug|Any CPU
		{DB5EF1CC-D9D2-4086-ACD3-FF3F174ABBCC}.Debug|x86.Build.0 = Debug|Any CPU
		{DB5EF1CC-D9D2-4086-ACD3-FF3F174ABBCC}.Release|Any CPU.ActiveCfg = Release|Any CPU
		{DB5EF1CC-D9D2-4086-ACD3-FF3F174ABBCC}.Release|Any CPU.Build.0 = Release|Any CPU
		{DB5EF1CC-D9D2-4086-ACD3-FF3F174ABBCC}.Release|x64.ActiveCfg = Release|Any CPU
		{DB5EF1CC-D9D2-4086-ACD3-FF3F174ABBCC}.Release|x64.Build.0 = Release|Any CPU
		{DB5EF1CC-D9D2-4086-ACD3-FF3F174ABBCC}.Release|x86.ActiveCfg = Release|Any CPU
		{DB5EF1CC-D9D2-4086-ACD3-FF3F174ABBCC}.Release|x86.Build.0 = Release|Any CPU
		{BC83DCBB-9467-49CA-AEB4-EC92B0B37745}.Debug|Any CPU.ActiveCfg = Debug|Any CPU
		{BC83DCBB-9467-49CA-AEB4-EC92B0B37745}.Debug|Any CPU.Build.0 = Debug|Any CPU
		{BC83DCBB-9467-49CA-AEB4-EC92B0B37745}.Debug|x64.ActiveCfg = Debug|Any CPU
		{BC83DCBB-9467-49CA-AEB4-EC92B0B37745}.Debug|x64.Build.0 = Debug|Any CPU
		{BC83DCBB-9467-49CA-AEB4-EC92B0B37745}.Debug|x86.ActiveCfg = Debug|Any CPU
		{BC83DCBB-9467-49CA-AEB4-EC92B0B37745}.Debug|x86.Build.0 = Debug|Any CPU
		{BC83DCBB-9467-49CA-AEB4-EC92B0B37745}.Release|Any CPU.ActiveCfg = Release|Any CPU
		{BC83DCBB-9467-49CA-AEB4-EC92B0B37745}.Release|Any CPU.Build.0 = Release|Any CPU
		{BC83DCBB-9467-49CA-AEB4-EC92B0B37745}.Release|x64.ActiveCfg = Release|Any CPU
		{BC83DCBB-9467-49CA-AEB4-EC92B0B37745}.Release|x64.Build.0 = Release|Any CPU
		{BC83DCBB-9467-49CA-AEB4-EC92B0B37745}.Release|x86.ActiveCfg = Release|Any CPU
		{BC83DCBB-9467-49CA-AEB4-EC92B0B37745}.Release|x86.Build.0 = Release|Any CPU
		{1255D580-05C4-4A54-95F7-3F8438122533}.Debug|Any CPU.ActiveCfg = Debug|Any CPU
		{1255D580-05C4-4A54-95F7-3F8438122533}.Debug|Any CPU.Build.0 = Debug|Any CPU
		{1255D580-05C4-4A54-95F7-3F8438122533}.Debug|x64.ActiveCfg = Debug|Any CPU
		{1255D580-05C4-4A54-95F7-3F8438122533}.Debug|x64.Build.0 = Debug|Any CPU
		{1255D580-05C4-4A54-95F7-3F8438122533}.Debug|x86.ActiveCfg = Debug|Any CPU
		{1255D580-05C4-4A54-95F7-3F8438122533}.Debug|x86.Build.0 = Debug|Any CPU
		{1255D580-05C4-4A54-95F7-3F8438122533}.Release|Any CPU.ActiveCfg = Release|Any CPU
		{1255D580-05C4-4A54-95F7-3F8438122533}.Release|Any CPU.Build.0 = Release|Any CPU
		{1255D580-05C4-4A54-95F7-3F8438122533}.Release|x64.ActiveCfg = Release|Any CPU
		{1255D580-05C4-4A54-95F7-3F8438122533}.Release|x64.Build.0 = Release|Any CPU
		{1255D580-05C4-4A54-95F7-3F8438122533}.Release|x86.ActiveCfg = Release|Any CPU
		{1255D580-05C4-4A54-95F7-3F8438122533}.Release|x86.Build.0 = Release|Any CPU
		{84453429-EB4D-40B3-BFAF-A0E308805DEE}.Debug|Any CPU.ActiveCfg = Debug|Any CPU
		{84453429-EB4D-40B3-BFAF-A0E308805DEE}.Debug|Any CPU.Build.0 = Debug|Any CPU
		{84453429-EB4D-40B3-BFAF-A0E308805DEE}.Debug|x64.ActiveCfg = Debug|Any CPU
		{84453429-EB4D-40B3-BFAF-A0E308805DEE}.Debug|x64.Build.0 = Debug|Any CPU
		{84453429-EB4D-40B3-BFAF-A0E308805DEE}.Debug|x86.ActiveCfg = Debug|Any CPU
		{84453429-EB4D-40B3-BFAF-A0E308805DEE}.Debug|x86.Build.0 = Debug|Any CPU
		{84453429-EB4D-40B3-BFAF-A0E308805DEE}.Release|Any CPU.ActiveCfg = Release|Any CPU
		{84453429-EB4D-40B3-BFAF-A0E308805DEE}.Release|Any CPU.Build.0 = Release|Any CPU
		{84453429-EB4D-40B3-BFAF-A0E308805DEE}.Release|x64.ActiveCfg = Release|Any CPU
		{84453429-EB4D-40B3-BFAF-A0E308805DEE}.Release|x64.Build.0 = Release|Any CPU
		{84453429-EB4D-40B3-BFAF-A0E308805DEE}.Release|x86.ActiveCfg = Release|Any CPU
		{84453429-EB4D-40B3-BFAF-A0E308805DEE}.Release|x86.Build.0 = Release|Any CPU
		{B7F1F268-CC92-4235-86B7-2D2529B49116}.Debug|Any CPU.ActiveCfg = Debug|Any CPU
		{B7F1F268-CC92-4235-86B7-2D2529B49116}.Debug|Any CPU.Build.0 = Debug|Any CPU
		{B7F1F268-CC92-4235-86B7-2D2529B49116}.Debug|x64.ActiveCfg = Debug|Any CPU
		{B7F1F268-CC92-4235-86B7-2D2529B49116}.Debug|x64.Build.0 = Debug|Any CPU
		{B7F1F268-CC92-4235-86B7-2D2529B49116}.Debug|x86.ActiveCfg = Debug|Any CPU
		{B7F1F268-CC92-4235-86B7-2D2529B49116}.Debug|x86.Build.0 = Debug|Any CPU
		{B7F1F268-CC92-4235-86B7-2D2529B49116}.Release|Any CPU.ActiveCfg = Release|Any CPU
		{B7F1F268-CC92-4235-86B7-2D2529B49116}.Release|Any CPU.Build.0 = Release|Any CPU
		{B7F1F268-CC92-4235-86B7-2D2529B49116}.Release|x64.ActiveCfg = Release|Any CPU
		{B7F1F268-CC92-4235-86B7-2D2529B49116}.Release|x64.Build.0 = Release|Any CPU
		{B7F1F268-CC92-4235-86B7-2D2529B49116}.Release|x86.ActiveCfg = Release|Any CPU
		{B7F1F268-CC92-4235-86B7-2D2529B49116}.Release|x86.Build.0 = Release|Any CPU
		{34456E44-F420-46E9-897E-F85B17342251}.Debug|Any CPU.ActiveCfg = Debug|Any CPU
		{34456E44-F420-46E9-897E-F85B17342251}.Debug|Any CPU.Build.0 = Debug|Any CPU
		{34456E44-F420-46E9-897E-F85B17342251}.Debug|x64.ActiveCfg = Debug|Any CPU
		{34456E44-F420-46E9-897E-F85B17342251}.Debug|x64.Build.0 = Debug|Any CPU
		{34456E44-F420-46E9-897E-F85B17342251}.Debug|x86.ActiveCfg = Debug|Any CPU
		{34456E44-F420-46E9-897E-F85B17342251}.Debug|x86.Build.0 = Debug|Any CPU
		{34456E44-F420-46E9-897E-F85B17342251}.Release|Any CPU.ActiveCfg = Release|Any CPU
		{34456E44-F420-46E9-897E-F85B17342251}.Release|Any CPU.Build.0 = Release|Any CPU
		{34456E44-F420-46E9-897E-F85B17342251}.Release|x64.ActiveCfg = Release|Any CPU
		{34456E44-F420-46E9-897E-F85B17342251}.Release|x64.Build.0 = Release|Any CPU
		{34456E44-F420-46E9-897E-F85B17342251}.Release|x86.ActiveCfg = Release|Any CPU
		{34456E44-F420-46E9-897E-F85B17342251}.Release|x86.Build.0 = Release|Any CPU
		{964FF521-2647-42DA-A29A-5CD01F6304D1}.Debug|Any CPU.ActiveCfg = Debug|Any CPU
		{964FF521-2647-42DA-A29A-5CD01F6304D1}.Debug|Any CPU.Build.0 = Debug|Any CPU
		{964FF521-2647-42DA-A29A-5CD01F6304D1}.Debug|x64.ActiveCfg = Debug|Any CPU
		{964FF521-2647-42DA-A29A-5CD01F6304D1}.Debug|x64.Build.0 = Debug|Any CPU
		{964FF521-2647-42DA-A29A-5CD01F6304D1}.Debug|x86.ActiveCfg = Debug|Any CPU
		{964FF521-2647-42DA-A29A-5CD01F6304D1}.Debug|x86.Build.0 = Debug|Any CPU
		{964FF521-2647-42DA-A29A-5CD01F6304D1}.Release|Any CPU.ActiveCfg = Release|Any CPU
		{964FF521-2647-42DA-A29A-5CD01F6304D1}.Release|Any CPU.Build.0 = Release|Any CPU
		{964FF521-2647-42DA-A29A-5CD01F6304D1}.Release|x64.ActiveCfg = Release|Any CPU
		{964FF521-2647-42DA-A29A-5CD01F6304D1}.Release|x64.Build.0 = Release|Any CPU
		{964FF521-2647-42DA-A29A-5CD01F6304D1}.Release|x86.ActiveCfg = Release|Any CPU
		{964FF521-2647-42DA-A29A-5CD01F6304D1}.Release|x86.Build.0 = Release|Any CPU
		{6D5753A6-C716-4835-BE76-9198FFCD194D}.Debug|Any CPU.ActiveCfg = Debug|Any CPU
		{6D5753A6-C716-4835-BE76-9198FFCD194D}.Debug|Any CPU.Build.0 = Debug|Any CPU
		{6D5753A6-C716-4835-BE76-9198FFCD194D}.Debug|x64.ActiveCfg = Debug|Any CPU
		{6D5753A6-C716-4835-BE76-9198FFCD194D}.Debug|x64.Build.0 = Debug|Any CPU
		{6D5753A6-C716-4835-BE76-9198FFCD194D}.Debug|x86.ActiveCfg = Debug|Any CPU
		{6D5753A6-C716-4835-BE76-9198FFCD194D}.Debug|x86.Build.0 = Debug|Any CPU
		{6D5753A6-C716-4835-BE76-9198FFCD194D}.Release|Any CPU.ActiveCfg = Release|Any CPU
		{6D5753A6-C716-4835-BE76-9198FFCD194D}.Release|Any CPU.Build.0 = Release|Any CPU
		{6D5753A6-C716-4835-BE76-9198FFCD194D}.Release|x64.ActiveCfg = Release|Any CPU
		{6D5753A6-C716-4835-BE76-9198FFCD194D}.Release|x64.Build.0 = Release|Any CPU
		{6D5753A6-C716-4835-BE76-9198FFCD194D}.Release|x86.ActiveCfg = Release|Any CPU
		{6D5753A6-C716-4835-BE76-9198FFCD194D}.Release|x86.Build.0 = Release|Any CPU
		{E9659285-AEB0-420D-9F54-2C72A3EFB06C}.Debug|Any CPU.ActiveCfg = Debug|Any CPU
		{E9659285-AEB0-420D-9F54-2C72A3EFB06C}.Debug|Any CPU.Build.0 = Debug|Any CPU
		{E9659285-AEB0-420D-9F54-2C72A3EFB06C}.Debug|x64.ActiveCfg = Debug|Any CPU
		{E9659285-AEB0-420D-9F54-2C72A3EFB06C}.Debug|x64.Build.0 = Debug|Any CPU
		{E9659285-AEB0-420D-9F54-2C72A3EFB06C}.Debug|x86.ActiveCfg = Debug|Any CPU
		{E9659285-AEB0-420D-9F54-2C72A3EFB06C}.Debug|x86.Build.0 = Debug|Any CPU
		{E9659285-AEB0-420D-9F54-2C72A3EFB06C}.Release|Any CPU.ActiveCfg = Release|Any CPU
		{E9659285-AEB0-420D-9F54-2C72A3EFB06C}.Release|Any CPU.Build.0 = Release|Any CPU
		{E9659285-AEB0-420D-9F54-2C72A3EFB06C}.Release|x64.ActiveCfg = Release|Any CPU
		{E9659285-AEB0-420D-9F54-2C72A3EFB06C}.Release|x64.Build.0 = Release|Any CPU
		{E9659285-AEB0-420D-9F54-2C72A3EFB06C}.Release|x86.ActiveCfg = Release|Any CPU
		{E9659285-AEB0-420D-9F54-2C72A3EFB06C}.Release|x86.Build.0 = Release|Any CPU
		{5B3137B5-E440-4A01-8112-20F25272F8C6}.Debug|Any CPU.ActiveCfg = Debug|Any CPU
		{5B3137B5-E440-4A01-8112-20F25272F8C6}.Debug|Any CPU.Build.0 = Debug|Any CPU
		{5B3137B5-E440-4A01-8112-20F25272F8C6}.Debug|x64.ActiveCfg = Debug|Any CPU
		{5B3137B5-E440-4A01-8112-20F25272F8C6}.Debug|x64.Build.0 = Debug|Any CPU
		{5B3137B5-E440-4A01-8112-20F25272F8C6}.Debug|x86.ActiveCfg = Debug|Any CPU
		{5B3137B5-E440-4A01-8112-20F25272F8C6}.Debug|x86.Build.0 = Debug|Any CPU
		{5B3137B5-E440-4A01-8112-20F25272F8C6}.Release|Any CPU.ActiveCfg = Release|Any CPU
		{5B3137B5-E440-4A01-8112-20F25272F8C6}.Release|Any CPU.Build.0 = Release|Any CPU
		{5B3137B5-E440-4A01-8112-20F25272F8C6}.Release|x64.ActiveCfg = Release|Any CPU
		{5B3137B5-E440-4A01-8112-20F25272F8C6}.Release|x64.Build.0 = Release|Any CPU
		{5B3137B5-E440-4A01-8112-20F25272F8C6}.Release|x86.ActiveCfg = Release|Any CPU
		{5B3137B5-E440-4A01-8112-20F25272F8C6}.Release|x86.Build.0 = Release|Any CPU
		{3FCF5CCA-F205-4AE9-B3E9-A6F819182961}.Debug|Any CPU.ActiveCfg = Debug|Any CPU
		{3FCF5CCA-F205-4AE9-B3E9-A6F819182961}.Debug|Any CPU.Build.0 = Debug|Any CPU
		{3FCF5CCA-F205-4AE9-B3E9-A6F819182961}.Debug|x64.ActiveCfg = Debug|Any CPU
		{3FCF5CCA-F205-4AE9-B3E9-A6F819182961}.Debug|x64.Build.0 = Debug|Any CPU
		{3FCF5CCA-F205-4AE9-B3E9-A6F819182961}.Debug|x86.ActiveCfg = Debug|Any CPU
		{3FCF5CCA-F205-4AE9-B3E9-A6F819182961}.Debug|x86.Build.0 = Debug|Any CPU
		{3FCF5CCA-F205-4AE9-B3E9-A6F819182961}.Release|Any CPU.ActiveCfg = Release|Any CPU
		{3FCF5CCA-F205-4AE9-B3E9-A6F819182961}.Release|Any CPU.Build.0 = Release|Any CPU
		{3FCF5CCA-F205-4AE9-B3E9-A6F819182961}.Release|x64.ActiveCfg = Release|Any CPU
		{3FCF5CCA-F205-4AE9-B3E9-A6F819182961}.Release|x64.Build.0 = Release|Any CPU
		{3FCF5CCA-F205-4AE9-B3E9-A6F819182961}.Release|x86.ActiveCfg = Release|Any CPU
		{3FCF5CCA-F205-4AE9-B3E9-A6F819182961}.Release|x86.Build.0 = Release|Any CPU
		{C606F0F0-8923-4D30-9C8C-63DFF65AC352}.Debug|Any CPU.ActiveCfg = Debug|Any CPU
		{C606F0F0-8923-4D30-9C8C-63DFF65AC352}.Debug|Any CPU.Build.0 = Debug|Any CPU
		{C606F0F0-8923-4D30-9C8C-63DFF65AC352}.Debug|x64.ActiveCfg = Debug|Any CPU
		{C606F0F0-8923-4D30-9C8C-63DFF65AC352}.Debug|x64.Build.0 = Debug|Any CPU
		{C606F0F0-8923-4D30-9C8C-63DFF65AC352}.Debug|x86.ActiveCfg = Debug|Any CPU
		{C606F0F0-8923-4D30-9C8C-63DFF65AC352}.Debug|x86.Build.0 = Debug|Any CPU
		{C606F0F0-8923-4D30-9C8C-63DFF65AC352}.Release|Any CPU.ActiveCfg = Release|Any CPU
		{C606F0F0-8923-4D30-9C8C-63DFF65AC352}.Release|Any CPU.Build.0 = Release|Any CPU
		{C606F0F0-8923-4D30-9C8C-63DFF65AC352}.Release|x64.ActiveCfg = Release|Any CPU
		{C606F0F0-8923-4D30-9C8C-63DFF65AC352}.Release|x64.Build.0 = Release|Any CPU
		{C606F0F0-8923-4D30-9C8C-63DFF65AC352}.Release|x86.ActiveCfg = Release|Any CPU
		{C606F0F0-8923-4D30-9C8C-63DFF65AC352}.Release|x86.Build.0 = Release|Any CPU
		{BD7A9095-EE15-47DB-A2AE-30BF180991BC}.Debug|Any CPU.ActiveCfg = Debug|Any CPU
		{BD7A9095-EE15-47DB-A2AE-30BF180991BC}.Debug|Any CPU.Build.0 = Debug|Any CPU
		{BD7A9095-EE15-47DB-A2AE-30BF180991BC}.Debug|x64.ActiveCfg = Debug|Any CPU
		{BD7A9095-EE15-47DB-A2AE-30BF180991BC}.Debug|x64.Build.0 = Debug|Any CPU
		{BD7A9095-EE15-47DB-A2AE-30BF180991BC}.Debug|x86.ActiveCfg = Debug|Any CPU
		{BD7A9095-EE15-47DB-A2AE-30BF180991BC}.Debug|x86.Build.0 = Debug|Any CPU
		{BD7A9095-EE15-47DB-A2AE-30BF180991BC}.Release|Any CPU.ActiveCfg = Release|Any CPU
		{BD7A9095-EE15-47DB-A2AE-30BF180991BC}.Release|Any CPU.Build.0 = Release|Any CPU
		{BD7A9095-EE15-47DB-A2AE-30BF180991BC}.Release|x64.ActiveCfg = Release|Any CPU
		{BD7A9095-EE15-47DB-A2AE-30BF180991BC}.Release|x64.Build.0 = Release|Any CPU
		{BD7A9095-EE15-47DB-A2AE-30BF180991BC}.Release|x86.ActiveCfg = Release|Any CPU
		{BD7A9095-EE15-47DB-A2AE-30BF180991BC}.Release|x86.Build.0 = Release|Any CPU
		{22951B53-DA52-4F8F-A242-B53F291AA88D}.Debug|Any CPU.ActiveCfg = Debug|Any CPU
		{22951B53-DA52-4F8F-A242-B53F291AA88D}.Debug|Any CPU.Build.0 = Debug|Any CPU
		{22951B53-DA52-4F8F-A242-B53F291AA88D}.Debug|x64.ActiveCfg = Debug|Any CPU
		{22951B53-DA52-4F8F-A242-B53F291AA88D}.Debug|x64.Build.0 = Debug|Any CPU
		{22951B53-DA52-4F8F-A242-B53F291AA88D}.Debug|x86.ActiveCfg = Debug|Any CPU
		{22951B53-DA52-4F8F-A242-B53F291AA88D}.Debug|x86.Build.0 = Debug|Any CPU
		{22951B53-DA52-4F8F-A242-B53F291AA88D}.Release|Any CPU.ActiveCfg = Release|Any CPU
		{22951B53-DA52-4F8F-A242-B53F291AA88D}.Release|Any CPU.Build.0 = Release|Any CPU
		{22951B53-DA52-4F8F-A242-B53F291AA88D}.Release|x64.ActiveCfg = Release|Any CPU
		{22951B53-DA52-4F8F-A242-B53F291AA88D}.Release|x64.Build.0 = Release|Any CPU
		{22951B53-DA52-4F8F-A242-B53F291AA88D}.Release|x86.ActiveCfg = Release|Any CPU
		{22951B53-DA52-4F8F-A242-B53F291AA88D}.Release|x86.Build.0 = Release|Any CPU
		{9316F2A2-3E0A-D78F-17F8-9B8E5A507904}.Debug|Any CPU.ActiveCfg = Debug|Any CPU
		{9316F2A2-3E0A-D78F-17F8-9B8E5A507904}.Debug|Any CPU.Build.0 = Debug|Any CPU
		{9316F2A2-3E0A-D78F-17F8-9B8E5A507904}.Debug|x64.ActiveCfg = Debug|Any CPU
		{9316F2A2-3E0A-D78F-17F8-9B8E5A507904}.Debug|x64.Build.0 = Debug|Any CPU
		{9316F2A2-3E0A-D78F-17F8-9B8E5A507904}.Debug|x86.ActiveCfg = Debug|Any CPU
		{9316F2A2-3E0A-D78F-17F8-9B8E5A507904}.Debug|x86.Build.0 = Debug|Any CPU
		{9316F2A2-3E0A-D78F-17F8-9B8E5A507904}.Release|Any CPU.ActiveCfg = Release|Any CPU
		{9316F2A2-3E0A-D78F-17F8-9B8E5A507904}.Release|Any CPU.Build.0 = Release|Any CPU
		{9316F2A2-3E0A-D78F-17F8-9B8E5A507904}.Release|x64.ActiveCfg = Release|Any CPU
		{9316F2A2-3E0A-D78F-17F8-9B8E5A507904}.Release|x64.Build.0 = Release|Any CPU
		{9316F2A2-3E0A-D78F-17F8-9B8E5A507904}.Release|x86.ActiveCfg = Release|Any CPU
		{9316F2A2-3E0A-D78F-17F8-9B8E5A507904}.Release|x86.Build.0 = Release|Any CPU
	EndGlobalSection
	GlobalSection(SolutionProperties) = preSolution
		HideSolutionNode = FALSE
	EndGlobalSection
	GlobalSection(NestedProjects) = preSolution
		{DB5EF1CC-D9D2-4086-ACD3-FF3F174ABBCC} = {C6444F41-AB93-4F88-8508-F45CB147F08F}
		{BC83DCBB-9467-49CA-AEB4-EC92B0B37745} = {C6444F41-AB93-4F88-8508-F45CB147F08F}
		{1255D580-05C4-4A54-95F7-3F8438122533} = {F014D288-A64D-4F58-A6A0-4F2418CFAB30}
		{84453429-EB4D-40B3-BFAF-A0E308805DEE} = {60E2686B-730F-4C27-8EEA-CB276751A5F8}
		{B7F1F268-CC92-4235-86B7-2D2529B49116} = {60E2686B-730F-4C27-8EEA-CB276751A5F8}
		{34456E44-F420-46E9-897E-F85B17342251} = {60E2686B-730F-4C27-8EEA-CB276751A5F8}
		{964FF521-2647-42DA-A29A-5CD01F6304D1} = {60E2686B-730F-4C27-8EEA-CB276751A5F8}
		{6D5753A6-C716-4835-BE76-9198FFCD194D} = {60E2686B-730F-4C27-8EEA-CB276751A5F8}
		{E9659285-AEB0-420D-9F54-2C72A3EFB06C} = {60E2686B-730F-4C27-8EEA-CB276751A5F8}
		{5B3137B5-E440-4A01-8112-20F25272F8C6} = {60E2686B-730F-4C27-8EEA-CB276751A5F8}
		{3FCF5CCA-F205-4AE9-B3E9-A6F819182961} = {60E2686B-730F-4C27-8EEA-CB276751A5F8}
		{C606F0F0-8923-4D30-9C8C-63DFF65AC352} = {60E2686B-730F-4C27-8EEA-CB276751A5F8}
		{BD7A9095-EE15-47DB-A2AE-30BF180991BC} = {60E2686B-730F-4C27-8EEA-CB276751A5F8}
		{22951B53-DA52-4F8F-A242-B53F291AA88D} = {60E2686B-730F-4C27-8EEA-CB276751A5F8}
		{9316F2A2-3E0A-D78F-17F8-9B8E5A507904} = {60E2686B-730F-4C27-8EEA-CB276751A5F8}
	EndGlobalSection
EndGlobal
