
Microsoft Visual Studio Solution File, Format Version 12.00
# Visual Studio Version 17
VisualStudioVersion = 17.0.31903.59
MinimumVisualStudioVersion = 10.0.40219.1
Project("{FAE04EC0-301F-11D3-BF4B-00C04F79EFBC}") = "FileSystem", "FileSystem\FileSystem.csproj", "{6B192836-1885-4B44-A825-AEAFE0D9CEB4}"
EndProject
Project("{FAE04EC0-301F-11D3-BF4B-00C04F79EFBC}") = "Time", "Time\Time.csproj", "{D16A6FF0-64AE-44ED-9809-A347BC10027A}"
EndProject
Project("{FAE04EC0-301F-11D3-BF4B-00C04F79EFBC}") = "WebFetch", "WebFetch\WebFetch.csproj", "{CE36290B-C91F-42A9-9F51-496230908F35}"
EndProject
Project("{2150E333-8FDC-42A3-9474-1A3956D46DE8}") = "ソリューション項目", "ソリューション項目", "{61CB45F7-7447-410E-934E-3B040F21D5B9}"
	ProjectSection(SolutionItems) = preProject
		README.md = README.md
	EndProjectSection
EndProject
Project("{FAE04EC0-301F-11D3-BF4B-00C04F79EFBC}") = "HardwareInfoRetriever", "HardwareInfoRetriever\HardwareInfoRetriever.csproj", "{6FB49A79-9624-4C08-99EB-62A6BE950351}"
EndProject
Project("{FAE04EC0-301F-11D3-BF4B-00C04F79EFBC}") = "NetworkInfo", "NetworkInfo\NetworkInfo.csproj", "{E19CAAC6-974E-49FF-AAAB-BEB4D59846FF}"
EndProject
Project("{FAE04EC0-301F-11D3-BF4B-00C04F79EFBC}") = "Command", "Command\Command.csproj", "{A5EA3673-7AC7-4D78-8E23-44AB0FBCDDF9}"
EndProject
Project("{FAE04EC0-301F-11D3-BF4B-00C04F79EFBC}") = "Rss", "Rss\Rss.csproj", "{59573581-316F-4B27-A061-F9A1B8B9DB2A}"
EndProject
Project("{FAE04EC0-301F-11D3-BF4B-00C04F79EFBC}") = "VisualStudio", "VisualStudio\VisualStudio.csproj", "{8253B6A0-1728-4FC3-8842-74EBC47A6741}"
EndProject
Project("{FAE04EC0-301F-11D3-BF4B-00C04F79EFBC}") = "CreateMcpServer", "CreateMcpServer\CreateMcpServer.csproj", "{556559D9-D381-4EEF-997F-41013E7DB256}"
EndProject
Project("{2150E333-8FDC-42A3-9474-1A3956D46DE8}") = "Common", "Common", "{5320D929-3E55-4898-A581-899FBEA523FB}"
	ProjectSection(SolutionItems) = preProject
		FileSystem\Security.cs = FileSystem\Security.cs
	EndProjectSection
EndProject
Project("{FAE04EC0-301F-11D3-BF4B-00C04F79EFBC}") = "CSharpMcpServer.Common", "CSharpMcpServer.Common\CSharpMcpServer.Common.csproj", "{7C84EBB7-ED1E-4EAE-97DA-643A3262544E}"
EndProject
Project("{FAE04EC0-301F-11D3-BF4B-00C04F79EFBC}") = "Web", "Web\Web.csproj", "{D46CB410-199A-4627-855D-C73448025E43}"
EndProject
Global
	GlobalSection(SolutionConfigurationPlatforms) = preSolution
		Debug|Any CPU = Debug|Any CPU
		Release|Any CPU = Release|Any CPU
	EndGlobalSection
	GlobalSection(ProjectConfigurationPlatforms) = postSolution
		{6B192836-1885-4B44-A825-AEAFE0D9CEB4}.Debug|Any CPU.ActiveCfg = Debug|Any CPU
		{6B192836-1885-4B44-A825-AEAFE0D9CEB4}.Debug|Any CPU.Build.0 = Debug|Any CPU
		{6B192836-1885-4B44-A825-AEAFE0D9CEB4}.Release|Any CPU.ActiveCfg = Release|Any CPU
		{6B192836-1885-4B44-A825-AEAFE0D9CEB4}.Release|Any CPU.Build.0 = Release|Any CPU
		{D16A6FF0-64AE-44ED-9809-A347BC10027A}.Debug|Any CPU.ActiveCfg = Debug|Any CPU
		{D16A6FF0-64AE-44ED-9809-A347BC10027A}.Debug|Any CPU.Build.0 = Debug|Any CPU
		{D16A6FF0-64AE-44ED-9809-A347BC10027A}.Release|Any CPU.ActiveCfg = Release|Any CPU
		{D16A6FF0-64AE-44ED-9809-A347BC10027A}.Release|Any CPU.Build.0 = Release|Any CPU
		{CE36290B-C91F-42A9-9F51-496230908F35}.Debug|Any CPU.ActiveCfg = Debug|Any CPU
		{CE36290B-C91F-42A9-9F51-496230908F35}.Debug|Any CPU.Build.0 = Debug|Any CPU
		{CE36290B-C91F-42A9-9F51-496230908F35}.Release|Any CPU.ActiveCfg = Release|Any CPU
		{CE36290B-C91F-42A9-9F51-496230908F35}.Release|Any CPU.Build.0 = Release|Any CPU
		{6FB49A79-9624-4C08-99EB-62A6BE950351}.Debug|Any CPU.ActiveCfg = Debug|Any CPU
		{6FB49A79-9624-4C08-99EB-62A6BE950351}.Debug|Any CPU.Build.0 = Debug|Any CPU
		{6FB49A79-9624-4C08-99EB-62A6BE950351}.Release|Any CPU.ActiveCfg = Release|Any CPU
		{6FB49A79-9624-4C08-99EB-62A6BE950351}.Release|Any CPU.Build.0 = Release|Any CPU
		{E19CAAC6-974E-49FF-AAAB-BEB4D59846FF}.Debug|Any CPU.ActiveCfg = Debug|Any CPU
		{E19CAAC6-974E-49FF-AAAB-BEB4D59846FF}.Debug|Any CPU.Build.0 = Debug|Any CPU
		{E19CAAC6-974E-49FF-AAAB-BEB4D59846FF}.Release|Any CPU.ActiveCfg = Release|Any CPU
		{E19CAAC6-974E-49FF-AAAB-BEB4D59846FF}.Release|Any CPU.Build.0 = Release|Any CPU
		{A5EA3673-7AC7-4D78-8E23-44AB0FBCDDF9}.Debug|Any CPU.ActiveCfg = Debug|Any CPU
		{A5EA3673-7AC7-4D78-8E23-44AB0FBCDDF9}.Debug|Any CPU.Build.0 = Debug|Any CPU
		{A5EA3673-7AC7-4D78-8E23-44AB0FBCDDF9}.Release|Any CPU.ActiveCfg = Release|Any CPU
		{A5EA3673-7AC7-4D78-8E23-44AB0FBCDDF9}.Release|Any CPU.Build.0 = Release|Any CPU
		{59573581-316F-4B27-A061-F9A1B8B9DB2A}.Debug|Any CPU.ActiveCfg = Debug|Any CPU
		{59573581-316F-4B27-A061-F9A1B8B9DB2A}.Debug|Any CPU.Build.0 = Debug|Any CPU
		{59573581-316F-4B27-A061-F9A1B8B9DB2A}.Release|Any CPU.ActiveCfg = Release|Any CPU
		{59573581-316F-4B27-A061-F9A1B8B9DB2A}.Release|Any CPU.Build.0 = Release|Any CPU
		{8253B6A0-1728-4FC3-8842-74EBC47A6741}.Debug|Any CPU.ActiveCfg = Debug|Any CPU
		{8253B6A0-1728-4FC3-8842-74EBC47A6741}.Debug|Any CPU.Build.0 = Debug|Any CPU
		{8253B6A0-1728-4FC3-8842-74EBC47A6741}.Release|Any CPU.ActiveCfg = Release|Any CPU
		{8253B6A0-1728-4FC3-8842-74EBC47A6741}.Release|Any CPU.Build.0 = Release|Any CPU
		{556559D9-D381-4EEF-997F-41013E7DB256}.Debug|Any CPU.ActiveCfg = Debug|Any CPU
		{556559D9-D381-4EEF-997F-41013E7DB256}.Debug|Any CPU.Build.0 = Debug|Any CPU
		{556559D9-D381-4EEF-997F-41013E7DB256}.Release|Any CPU.ActiveCfg = Release|Any CPU
		{556559D9-D381-4EEF-997F-41013E7DB256}.Release|Any CPU.Build.0 = Release|Any CPU
		{7C84EBB7-ED1E-4EAE-97DA-643A3262544E}.Debug|Any CPU.ActiveCfg = Debug|Any CPU
		{7C84EBB7-ED1E-4EAE-97DA-643A3262544E}.Debug|Any CPU.Build.0 = Debug|Any CPU
		{7C84EBB7-ED1E-4EAE-97DA-643A3262544E}.Release|Any CPU.ActiveCfg = Release|Any CPU
		{7C84EBB7-ED1E-4EAE-97DA-643A3262544E}.Release|Any CPU.Build.0 = Release|Any CPU
		{D46CB410-199A-4627-855D-C73448025E43}.Debug|Any CPU.ActiveCfg = Debug|Any CPU
		{D46CB410-199A-4627-855D-C73448025E43}.Debug|Any CPU.Build.0 = Debug|Any CPU
		{D46CB410-199A-4627-855D-C73448025E43}.Release|Any CPU.ActiveCfg = Release|Any CPU
		{D46CB410-199A-4627-855D-C73448025E43}.Release|Any CPU.Build.0 = Release|Any CPU
	EndGlobalSection
	GlobalSection(SolutionProperties) = preSolution
		HideSolutionNode = FALSE
	EndGlobalSection
	GlobalSection(NestedProjects) = preSolution
		{5320D929-3E55-4898-A581-899FBEA523FB} = {61CB45F7-7447-410E-934E-3B040F21D5B9}
		{7C84EBB7-ED1E-4EAE-97DA-643A3262544E} = {5320D929-3E55-4898-A581-899FBEA523FB}
	EndGlobalSection
EndGlobal
